// !$*UTF8*$!
{
	archiveVersion = 1;
	classes = {
	};
	objectVersion = 56;
	objects = {

/* Begin PBXBuildFile section */
		1A0B15A42CCD775B007F3384 /* AppDelegate.swift in Sources */ = {isa = PBXBuildFile; fileRef = 1A0B15A32CCD775B007F3384 /* AppDelegate.swift */; };
		1A0B15A62CCD775B007F3384 /* SceneDelegate.swift in Sources */ = {isa = PBXBuildFile; fileRef = 1A0B15A52CCD775B007F3384 /* SceneDelegate.swift */; };
		1A0B15A82CCD775B007F3384 /* MainViewController.swift in Sources */ = {isa = PBXBuildFile; fileRef = 1A0B15A72CCD775B007F3384 /* MainViewController.swift */; };
		1A0B15AD2CCD775C007F3384 /* Assets.xcassets in Resources */ = {isa = PBXBuildFile; fileRef = 1A0B15AC2CCD775C007F3384 /* Assets.xcassets */; };
		1A0B15B02CCD775C007F3384 /* Base in Resources */ = {isa = PBXBuildFile; fileRef = 1A0B15AF2CCD775C007F3384 /* Base */; };
		1A0B15BF2CCD791E007F3384 /* CodeNotArriveViewController.swift in Sources */ = {isa = PBXBuildFile; fileRef = 1A0B15BE2CCD791E007F3384 /* CodeNotArriveViewController.swift */; };
		1A0B15C12CCD7948007F3384 /* PasswordViewController.swift in Sources */ = {isa = PBXBuildFile; fileRef = 1A0B15C02CCD7948007F3384 /* PasswordViewController.swift */; };
		1A0B15C32CCD795E007F3384 /* RegistationViewController.swift in Sources */ = {isa = PBXBuildFile; fileRef = 1A0B15C22CCD795E007F3384 /* RegistationViewController.swift */; };
		1A0B15C52CCD7971007F3384 /* EntranceViewController.swift in Sources */ = {isa = PBXBuildFile; fileRef = 1A0B15C42CCD7971007F3384 /* EntranceViewController.swift */; };
		1A0B15C72CCD79CC007F3384 /* CodeNotArriveViewModel.swift in Sources */ = {isa = PBXBuildFile; fileRef = 1A0B15C62CCD79CC007F3384 /* CodeNotArriveViewModel.swift */; };
		1A0B15C92CCD79D4007F3384 /* PasswordViewModel.swift in Sources */ = {isa = PBXBuildFile; fileRef = 1A0B15C82CCD79D4007F3384 /* PasswordViewModel.swift */; };
		1A0B15CB2CCD79EF007F3384 /* RegistationViewModel.swift in Sources */ = {isa = PBXBuildFile; fileRef = 1A0B15CA2CCD79EF007F3384 /* RegistationViewModel.swift */; };
		1A0B15CD2CCD79FD007F3384 /* EntranceViewModel.swift in Sources */ = {isa = PBXBuildFile; fileRef = 1A0B15CC2CCD79FD007F3384 /* EntranceViewModel.swift */; };
		1A0B15CF2CCD7A07007F3384 /* MainViewModel.swift in Sources */ = {isa = PBXBuildFile; fileRef = 1A0B15CE2CCD7A07007F3384 /* MainViewModel.swift */; };
		1A0B15D62CCE09D4007F3384 /* BuilderService.swift in Sources */ = {isa = PBXBuildFile; fileRef = 1A0B15D52CCE09D4007F3384 /* BuilderService.swift */; };
		1A0B15D82CCE09E4007F3384 /* BuilderServiceProtocol.swift in Sources */ = {isa = PBXBuildFile; fileRef = 1A0B15D72CCE09E4007F3384 /* BuilderServiceProtocol.swift */; };
		1A0B15DA2CCE0A12007F3384 /* AppRouter.swift in Sources */ = {isa = PBXBuildFile; fileRef = 1A0B15D92CCE0A12007F3384 /* AppRouter.swift */; };
		1A0B15DC2CCE0A28007F3384 /* RouterProtocols.swift in Sources */ = {isa = PBXBuildFile; fileRef = 1A0B15DB2CCE0A28007F3384 /* RouterProtocols.swift */; };
		1A0B15DE2CCE0C87007F3384 /* MainViewModelProtocols.swift in Sources */ = {isa = PBXBuildFile; fileRef = 1A0B15DD2CCE0C87007F3384 /* MainViewModelProtocols.swift */; };
		1A0B15E02CCE0CF5007F3384 /* EntranceViewModelProtocols.swift in Sources */ = {isa = PBXBuildFile; fileRef = 1A0B15DF2CCE0CF5007F3384 /* EntranceViewModelProtocols.swift */; };
		1A0B15E22CCE0D27007F3384 /* RegistrationViewModelProtocols.swift in Sources */ = {isa = PBXBuildFile; fileRef = 1A0B15E12CCE0D27007F3384 /* RegistrationViewModelProtocols.swift */; };
		1A0B15E42CCE0D40007F3384 /* PasswordViewModelProtocols.swift in Sources */ = {isa = PBXBuildFile; fileRef = 1A0B15E32CCE0D40007F3384 /* PasswordViewModelProtocols.swift */; };
		1A0B15E62CCE0DBC007F3384 /* CodeNotArriveViewModelProtocols.swift in Sources */ = {isa = PBXBuildFile; fileRef = 1A0B15E52CCE0DBC007F3384 /* CodeNotArriveViewModelProtocols.swift */; };
		1A0B15EA2CCE29F2007F3384 /* Resources.swift in Sources */ = {isa = PBXBuildFile; fileRef = 1A0B15E92CCE29F2007F3384 /* Resources.swift */; };
		1A0B15EC2CCE2F3F007F3384 /* Extensions.swift in Sources */ = {isa = PBXBuildFile; fileRef = 1A0B15EB2CCE2F3F007F3384 /* Extensions.swift */; };
/* End PBXBuildFile section */

/* Begin PBXFileReference section */
		1A0B15A02CCD775B007F3384 /* smsLogin.app */ = {isa = PBXFileReference; explicitFileType = wrapper.application; includeInIndex = 0; path = smsLogin.app; sourceTree = BUILT_PRODUCTS_DIR; };
		1A0B15A32CCD775B007F3384 /* AppDelegate.swift */ = {isa = PBXFileReference; lastKnownFileType = sourcecode.swift; path = AppDelegate.swift; sourceTree = "<group>"; };
		1A0B15A52CCD775B007F3384 /* SceneDelegate.swift */ = {isa = PBXFileReference; lastKnownFileType = sourcecode.swift; path = SceneDelegate.swift; sourceTree = "<group>"; };
		1A0B15A72CCD775B007F3384 /* MainViewController.swift */ = {isa = PBXFileReference; lastKnownFileType = sourcecode.swift; path = MainViewController.swift; sourceTree = "<group>"; };
		1A0B15AC2CCD775C007F3384 /* Assets.xcassets */ = {isa = PBXFileReference; lastKnownFileType = folder.assetcatalog; path = Assets.xcassets; sourceTree = "<group>"; };
		1A0B15AF2CCD775C007F3384 /* Base */ = {isa = PBXFileReference; lastKnownFileType = file.storyboard; name = Base; path = Base.lproj/LaunchScreen.storyboard; sourceTree = "<group>"; };
		1A0B15B12CCD775C007F3384 /* Info.plist */ = {isa = PBXFileReference; lastKnownFileType = text.plist.xml; path = Info.plist; sourceTree = "<group>"; };
		1A0B15BE2CCD791E007F3384 /* CodeNotArriveViewController.swift */ = {isa = PBXFileReference; lastKnownFileType = sourcecode.swift; path = CodeNotArriveViewController.swift; sourceTree = "<group>"; };
		1A0B15C02CCD7948007F3384 /* PasswordViewController.swift */ = {isa = PBXFileReference; lastKnownFileType = sourcecode.swift; path = PasswordViewController.swift; sourceTree = "<group>"; };
		1A0B15C22CCD795E007F3384 /* RegistationViewController.swift */ = {isa = PBXFileReference; lastKnownFileType = sourcecode.swift; path = RegistationViewController.swift; sourceTree = "<group>"; };
		1A0B15C42CCD7971007F3384 /* EntranceViewController.swift */ = {isa = PBXFileReference; lastKnownFileType = sourcecode.swift; path = EntranceViewController.swift; sourceTree = "<group>"; };
		1A0B15C62CCD79CC007F3384 /* CodeNotArriveViewModel.swift */ = {isa = PBXFileReference; lastKnownFileType = sourcecode.swift; path = CodeNotArriveViewModel.swift; sourceTree = "<group>"; };
		1A0B15C82CCD79D4007F3384 /* PasswordViewModel.swift */ = {isa = PBXFileReference; lastKnownFileType = sourcecode.swift; path = PasswordViewModel.swift; sourceTree = "<group>"; };
		1A0B15CA2CCD79EF007F3384 /* RegistationViewModel.swift */ = {isa = PBXFileReference; lastKnownFileType = sourcecode.swift; path = RegistationViewModel.swift; sourceTree = "<group>"; };
		1A0B15CC2CCD79FD007F3384 /* EntranceViewModel.swift */ = {isa = PBXFileReference; lastKnownFileType = sourcecode.swift; path = EntranceViewModel.swift; sourceTree = "<group>"; };
		1A0B15CE2CCD7A07007F3384 /* MainViewModel.swift */ = {isa = PBXFileReference; lastKnownFileType = sourcecode.swift; path = MainViewModel.swift; sourceTree = "<group>"; };
		1A0B15D52CCE09D4007F3384 /* BuilderService.swift */ = {isa = PBXFileReference; lastKnownFileType = sourcecode.swift; path = BuilderService.swift; sourceTree = "<group>"; };
		1A0B15D72CCE09E4007F3384 /* BuilderServiceProtocol.swift */ = {isa = PBXFileReference; lastKnownFileType = sourcecode.swift; path = BuilderServiceProtocol.swift; sourceTree = "<group>"; };
		1A0B15D92CCE0A12007F3384 /* AppRouter.swift */ = {isa = PBXFileReference; lastKnownFileType = sourcecode.swift; path = AppRouter.swift; sourceTree = "<group>"; };
		1A0B15DB2CCE0A28007F3384 /* RouterProtocols.swift */ = {isa = PBXFileReference; lastKnownFileType = sourcecode.swift; path = RouterProtocols.swift; sourceTree = "<group>"; };
		1A0B15DD2CCE0C87007F3384 /* MainViewModelProtocols.swift */ = {isa = PBXFileReference; lastKnownFileType = sourcecode.swift; path = MainViewModelProtocols.swift; sourceTree = "<group>"; };
		1A0B15DF2CCE0CF5007F3384 /* EntranceViewModelProtocols.swift */ = {isa = PBXFileReference; lastKnownFileType = sourcecode.swift; path = EntranceViewModelProtocols.swift; sourceTree = "<group>"; };
		1A0B15E12CCE0D27007F3384 /* RegistrationViewModelProtocols.swift */ = {isa = PBXFileReference; lastKnownFileType = sourcecode.swift; path = RegistrationViewModelProtocols.swift; sourceTree = "<group>"; };
		1A0B15E32CCE0D40007F3384 /* PasswordViewModelProtocols.swift */ = {isa = PBXFileReference; lastKnownFileType = sourcecode.swift; path = PasswordViewModelProtocols.swift; sourceTree = "<group>"; };
		1A0B15E52CCE0DBC007F3384 /* CodeNotArriveViewModelProtocols.swift */ = {isa = PBXFileReference; lastKnownFileType = sourcecode.swift; path = CodeNotArriveViewModelProtocols.swift; sourceTree = "<group>"; };
		1A0B15E92CCE29F2007F3384 /* Resources.swift */ = {isa = PBXFileReference; lastKnownFileType = sourcecode.swift; path = Resources.swift; sourceTree = "<group>"; };
		1A0B15EB2CCE2F3F007F3384 /* Extensions.swift */ = {isa = PBXFileReference; lastKnownFileType = sourcecode.swift; path = Extensions.swift; sourceTree = "<group>"; };
/* End PBXFileReference section */

/* Begin PBXFrameworksBuildPhase section */
		1A0B159D2CCD775B007F3384 /* Frameworks */ = {
			isa = PBXFrameworksBuildPhase;
			buildActionMask = 2147483647;
			files = (
			);
			runOnlyForDeploymentPostprocessing = 0;
		};
/* End PBXFrameworksBuildPhase section */

/* Begin PBXGroup section */
		1A0B15972CCD775B007F3384 = {
			isa = PBXGroup;
			children = (
				1A0B15A22CCD775B007F3384 /* smsLogin */,
				1A0B15A12CCD775B007F3384 /* Products */,
			);
			sourceTree = "<group>";
		};
		1A0B15A12CCD775B007F3384 /* Products */ = {
			isa = PBXGroup;
			children = (
				1A0B15A02CCD775B007F3384 /* smsLogin.app */,
			);
			name = Products;
			sourceTree = "<group>";
		};
		1A0B15A22CCD775B007F3384 /* smsLogin */ = {
			isa = PBXGroup;
			children = (
				1A0B15E82CCE29E5007F3384 /* Resources */,
				1A0B15E72CCE29DF007F3384 /* Extensions */,
				1A0B15D12CCE0992007F3384 /* Services */,
				1A0B15B72CCD77BD007F3384 /* System */,
				1A0B15B82CCD780F007F3384 /* Screens */,
			);
			path = smsLogin;
			sourceTree = "<group>";
		};
		1A0B15B72CCD77BD007F3384 /* System */ = {
			isa = PBXGroup;
			children = (
				1A0B15A32CCD775B007F3384 /* AppDelegate.swift */,
				1A0B15A52CCD775B007F3384 /* SceneDelegate.swift */,
				1A0B15AC2CCD775C007F3384 /* Assets.xcassets */,
				1A0B15AE2CCD775C007F3384 /* LaunchScreen.storyboard */,
				1A0B15B12CCD775C007F3384 /* Info.plist */,
			);
			path = System;
			sourceTree = "<group>";
		};
		1A0B15B82CCD780F007F3384 /* Screens */ = {
			isa = PBXGroup;
			children = (
				1A0B15B92CCD7833007F3384 /* Main */,
				1A0B15BD2CCD78A5007F3384 /* CodeNotArrive */,
				1A0B15BC2CCD7899007F3384 /* Password */,
				1A0B15BB2CCD786D007F3384 /* Registration */,
				1A0B15BA2CCD785A007F3384 /* Entrance */,
			);
			path = Screens;
			sourceTree = "<group>";
		};
		1A0B15B92CCD7833007F3384 /* Main */ = {
			isa = PBXGroup;
			children = (
				1A0B15A72CCD775B007F3384 /* MainViewController.swift */,
				1A0B15CE2CCD7A07007F3384 /* MainViewModel.swift */,
				1A0B15DD2CCE0C87007F3384 /* MainViewModelProtocols.swift */,
			);
			path = Main;
			sourceTree = "<group>";
		};
		1A0B15BA2CCD785A007F3384 /* Entrance */ = {
			isa = PBXGroup;
			children = (
				1A0B15C42CCD7971007F3384 /* EntranceViewController.swift */,
				1A0B15CC2CCD79FD007F3384 /* EntranceViewModel.swift */,
				1A0B15DF2CCE0CF5007F3384 /* EntranceViewModelProtocols.swift */,
			);
			path = Entrance;
			sourceTree = "<group>";
		};
		1A0B15BB2CCD786D007F3384 /* Registration */ = {
			isa = PBXGroup;
			children = (
				1A0B15C22CCD795E007F3384 /* RegistationViewController.swift */,
				1A0B15CA2CCD79EF007F3384 /* RegistationViewModel.swift */,
				1A0B15E12CCE0D27007F3384 /* RegistrationViewModelProtocols.swift */,
			);
			path = Registration;
			sourceTree = "<group>";
		};
		1A0B15BC2CCD7899007F3384 /* Password */ = {
			isa = PBXGroup;
			children = (
				1A0B15C02CCD7948007F3384 /* PasswordViewController.swift */,
				1A0B15C82CCD79D4007F3384 /* PasswordViewModel.swift */,
				1A0B15E32CCE0D40007F3384 /* PasswordViewModelProtocols.swift */,
			);
			path = Password;
			sourceTree = "<group>";
		};
		1A0B15BD2CCD78A5007F3384 /* CodeNotArrive */ = {
			isa = PBXGroup;
			children = (
				1A0B15BE2CCD791E007F3384 /* CodeNotArriveViewController.swift */,
				1A0B15C62CCD79CC007F3384 /* CodeNotArriveViewModel.swift */,
				1A0B15E52CCE0DBC007F3384 /* CodeNotArriveViewModelProtocols.swift */,
			);
			path = CodeNotArrive;
			sourceTree = "<group>";
		};
		1A0B15D12CCE0992007F3384 /* Services */ = {
			isa = PBXGroup;
			children = (
				1A0B15D22CCE099B007F3384 /* Navigation */,
			);
			path = Services;
			sourceTree = "<group>";
		};
		1A0B15D22CCE099B007F3384 /* Navigation */ = {
			isa = PBXGroup;
			children = (
				1A0B15D42CCE09BE007F3384 /* Builder */,
				1A0B15D32CCE09AD007F3384 /* Router */,
			);
			path = Navigation;
			sourceTree = "<group>";
		};
		1A0B15D32CCE09AD007F3384 /* Router */ = {
			isa = PBXGroup;
			children = (
				1A0B15D92CCE0A12007F3384 /* AppRouter.swift */,
				1A0B15DB2CCE0A28007F3384 /* RouterProtocols.swift */,
			);
			path = Router;
			sourceTree = "<group>";
		};
		1A0B15D42CCE09BE007F3384 /* Builder */ = {
			isa = PBXGroup;
			children = (
				1A0B15D52CCE09D4007F3384 /* BuilderService.swift */,
				1A0B15D72CCE09E4007F3384 /* BuilderServiceProtocol.swift */,
			);
			path = Builder;
			sourceTree = "<group>";
		};
		1A0B15E72CCE29DF007F3384 /* Extensions */ = {
			isa = PBXGroup;
			children = (
				1A0B15EB2CCE2F3F007F3384 /* Extensions.swift */,
			);
			path = Extensions;
			sourceTree = "<group>";
		};
		1A0B15E82CCE29E5007F3384 /* Resources */ = {
			isa = PBXGroup;
			children = (
				1A0B15E92CCE29F2007F3384 /* Resources.swift */,
			);
			path = Resources;
			sourceTree = "<group>";
		};
/* End PBXGroup section */

/* Begin PBXNativeTarget section */
		1A0B159F2CCD775B007F3384 /* smsLogin */ = {
			isa = PBXNativeTarget;
			buildConfigurationList = 1A0B15B42CCD775C007F3384 /* Build configuration list for PBXNativeTarget "smsLogin" */;
			buildPhases = (
				1A0B159C2CCD775B007F3384 /* Sources */,
				1A0B159D2CCD775B007F3384 /* Frameworks */,
				1A0B159E2CCD775B007F3384 /* Resources */,
			);
			buildRules = (
			);
			dependencies = (
			);
			name = smsLogin;
			productName = smsLogin;
			productReference = 1A0B15A02CCD775B007F3384 /* smsLogin.app */;
			productType = "com.apple.product-type.application";
		};
/* End PBXNativeTarget section */

/* Begin PBXProject section */
		1A0B15982CCD775B007F3384 /* Project object */ = {
			isa = PBXProject;
			attributes = {
				BuildIndependentTargetsInParallel = 1;
				LastSwiftUpdateCheck = 1540;
				LastUpgradeCheck = 1540;
				TargetAttributes = {
					1A0B159F2CCD775B007F3384 = {
						CreatedOnToolsVersion = 15.4;
					};
				};
			};
			buildConfigurationList = 1A0B159B2CCD775B007F3384 /* Build configuration list for PBXProject "smsLogin" */;
			compatibilityVersion = "Xcode 14.0";
			developmentRegion = en;
			hasScannedForEncodings = 0;
			knownRegions = (
				en,
				Base,
			);
			mainGroup = 1A0B15972CCD775B007F3384;
			productRefGroup = 1A0B15A12CCD775B007F3384 /* Products */;
			projectDirPath = "";
			projectRoot = "";
			targets = (
				1A0B159F2CCD775B007F3384 /* smsLogin */,
			);
		};
/* End PBXProject section */

/* Begin PBXResourcesBuildPhase section */
		1A0B159E2CCD775B007F3384 /* Resources */ = {
			isa = PBXResourcesBuildPhase;
			buildActionMask = 2147483647;
			files = (
				1A0B15AD2CCD775C007F3384 /* Assets.xcassets in Resources */,
				1A0B15B02CCD775C007F3384 /* Base in Resources */,
			);
			runOnlyForDeploymentPostprocessing = 0;
		};
/* End PBXResourcesBuildPhase section */

/* Begin PBXSourcesBuildPhase section */
		1A0B159C2CCD775B007F3384 /* Sources */ = {
			isa = PBXSourcesBuildPhase;
			buildActionMask = 2147483647;
			files = (
				1A0B15EC2CCE2F3F007F3384 /* Extensions.swift in Sources */,
				1A0B15E62CCE0DBC007F3384 /* CodeNotArriveViewModelProtocols.swift in Sources */,
				1A0B15D62CCE09D4007F3384 /* BuilderService.swift in Sources */,
				1A0B15C72CCD79CC007F3384 /* CodeNotArriveViewModel.swift in Sources */,
				1A0B15E02CCE0CF5007F3384 /* EntranceViewModelProtocols.swift in Sources */,
				1A0B15C32CCD795E007F3384 /* RegistationViewController.swift in Sources */,
				1A0B15BF2CCD791E007F3384 /* CodeNotArriveViewController.swift in Sources */,
				1A0B15CD2CCD79FD007F3384 /* EntranceViewModel.swift in Sources */,
				1A0B15C92CCD79D4007F3384 /* PasswordViewModel.swift in Sources */,
				1A0B15DC2CCE0A28007F3384 /* RouterProtocols.swift in Sources */,
				1A0B15C12CCD7948007F3384 /* PasswordViewController.swift in Sources */,
				1A0B15E22CCE0D27007F3384 /* RegistrationViewModelProtocols.swift in Sources */,
				1A0B15D82CCE09E4007F3384 /* BuilderServiceProtocol.swift in Sources */,
				1A0B15E42CCE0D40007F3384 /* PasswordViewModelProtocols.swift in Sources */,
				1A0B15DA2CCE0A12007F3384 /* AppRouter.swift in Sources */,
				1A0B15A82CCD775B007F3384 /* MainViewController.swift in Sources */,
				1A0B15CB2CCD79EF007F3384 /* RegistationViewModel.swift in Sources */,
				1A0B15C52CCD7971007F3384 /* EntranceViewController.swift in Sources */,
				1A0B15DE2CCE0C87007F3384 /* MainViewModelProtocols.swift in Sources */,
				1A0B15A42CCD775B007F3384 /* AppDelegate.swift in Sources */,
				1A0B15EA2CCE29F2007F3384 /* Resources.swift in Sources */,
				1A0B15A62CCD775B007F3384 /* SceneDelegate.swift in Sources */,
				1A0B15CF2CCD7A07007F3384 /* MainViewModel.swift in Sources */,
			);
			runOnlyForDeploymentPostprocessing = 0;
		};
/* End PBXSourcesBuildPhase section */

/* Begin PBXVariantGroup section */
		1A0B15AE2CCD775C007F3384 /* LaunchScreen.storyboard */ = {
			isa = PBXVariantGroup;
			children = (
				1A0B15AF2CCD775C007F3384 /* Base */,
			);
			name = LaunchScreen.storyboard;
			sourceTree = "<group>";
		};
/* End PBXVariantGroup section */

/* Begin XCBuildConfiguration section */
		1A0B15B22CCD775C007F3384 /* Debug */ = {
			isa = XCBuildConfiguration;
			buildSettings = {
				ALWAYS_SEARCH_USER_PATHS = NO;
				ASSETCATALOG_COMPILER_GENERATE_SWIFT_ASSET_SYMBOL_EXTENSIONS = YES;
				CLANG_ANALYZER_NONNULL = YES;
				CLANG_ANALYZER_NUMBER_OBJECT_CONVERSION = YES_AGGRESSIVE;
				CLANG_CXX_LANGUAGE_STANDARD = "gnu++20";
				CLANG_ENABLE_MODULES = YES;
				CLANG_ENABLE_OBJC_ARC = YES;
				CLANG_ENABLE_OBJC_WEAK = YES;
				CLANG_WARN_BLOCK_CAPTURE_AUTORELEASING = YES;
				CLANG_WARN_BOOL_CONVERSION = YES;
				CLANG_WARN_COMMA = YES;
				CLANG_WARN_CONSTANT_CONVERSION = YES;
				CLANG_WARN_DEPRECATED_OBJC_IMPLEMENTATIONS = YES;
				CLANG_WARN_DIRECT_OBJC_ISA_USAGE = YES_ERROR;
				CLANG_WARN_DOCUMENTATION_COMMENTS = YES;
				CLANG_WARN_EMPTY_BODY = YES;
				CLANG_WARN_ENUM_CONVERSION = YES;
				CLANG_WARN_INFINITE_RECURSION = YES;
				CLANG_WARN_INT_CONVERSION = YES;
				CLANG_WARN_NON_LITERAL_NULL_CONVERSION = YES;
				CLANG_WARN_OBJC_IMPLICIT_RETAIN_SELF = YES;
				CLANG_WARN_OBJC_LITERAL_CONVERSION = YES;
				CLANG_WARN_OBJC_ROOT_CLASS = YES_ERROR;
				CLANG_WARN_QUOTED_INCLUDE_IN_FRAMEWORK_HEADER = YES;
				CLANG_WARN_RANGE_LOOP_ANALYSIS = YES;
				CLANG_WARN_STRICT_PROTOTYPES = YES;
				CLANG_WARN_SUSPICIOUS_MOVE = YES;
				CLANG_WARN_UNGUARDED_AVAILABILITY = YES_AGGRESSIVE;
				CLANG_WARN_UNREACHABLE_CODE = YES;
				CLANG_WARN__DUPLICATE_METHOD_MATCH = YES;
				COPY_PHASE_STRIP = NO;
				DEBUG_INFORMATION_FORMAT = dwarf;
				ENABLE_STRICT_OBJC_MSGSEND = YES;
				ENABLE_TESTABILITY = YES;
				ENABLE_USER_SCRIPT_SANDBOXING = YES;
				GCC_C_LANGUAGE_STANDARD = gnu17;
				GCC_DYNAMIC_NO_PIC = NO;
				GCC_NO_COMMON_BLOCKS = YES;
				GCC_OPTIMIZATION_LEVEL = 0;
				GCC_PREPROCESSOR_DEFINITIONS = (
					"DEBUG=1",
					"$(inherited)",
				);
				GCC_WARN_64_TO_32_BIT_CONVERSION = YES;
				GCC_WARN_ABOUT_RETURN_TYPE = YES_ERROR;
				GCC_WARN_UNDECLARED_SELECTOR = YES;
				GCC_WARN_UNINITIALIZED_AUTOS = YES_AGGRESSIVE;
				GCC_WARN_UNUSED_FUNCTION = YES;
				GCC_WARN_UNUSED_VARIABLE = YES;
				IPHONEOS_DEPLOYMENT_TARGET = 17.5;
				LOCALIZATION_PREFERS_STRING_CATALOGS = YES;
				MTL_ENABLE_DEBUG_INFO = INCLUDE_SOURCE;
				MTL_FAST_MATH = YES;
				ONLY_ACTIVE_ARCH = YES;
				SDKROOT = iphoneos;
				SWIFT_ACTIVE_COMPILATION_CONDITIONS = "DEBUG $(inherited)";
				SWIFT_OPTIMIZATION_LEVEL = "-Onone";
			};
			name = Debug;
		};
		1A0B15B32CCD775C007F3384 /* Release */ = {
			isa = XCBuildConfiguration;
			buildSettings = {
				ALWAYS_SEARCH_USER_PATHS = NO;
				ASSETCATALOG_COMPILER_GENERATE_SWIFT_ASSET_SYMBOL_EXTENSIONS = YES;
				CLANG_ANALYZER_NONNULL = YES;
				CLANG_ANALYZER_NUMBER_OBJECT_CONVERSION = YES_AGGRESSIVE;
				CLANG_CXX_LANGUAGE_STANDARD = "gnu++20";
				CLANG_ENABLE_MODULES = YES;
				CLANG_ENABLE_OBJC_ARC = YES;
				CLANG_ENABLE_OBJC_WEAK = YES;
				CLANG_WARN_BLOCK_CAPTURE_AUTORELEASING = YES;
				CLANG_WARN_BOOL_CONVERSION = YES;
				CLANG_WARN_COMMA = YES;
				CLANG_WARN_CONSTANT_CONVERSION = YES;
				CLANG_WARN_DEPRECATED_OBJC_IMPLEMENTATIONS = YES;
				CLANG_WARN_DIRECT_OBJC_ISA_USAGE = YES_ERROR;
				CLANG_WARN_DOCUMENTATION_COMMENTS = YES;
				CLANG_WARN_EMPTY_BODY = YES;
				CLANG_WARN_ENUM_CONVERSION = YES;
				CLANG_WARN_INFINITE_RECURSION = YES;
				CLANG_WARN_INT_CONVERSION = YES;
				CLANG_WARN_NON_LITERAL_NULL_CONVERSION = YES;
				CLANG_WARN_OBJC_IMPLICIT_RETAIN_SELF = YES;
				CLANG_WARN_OBJC_LITERAL_CONVERSION = YES;
				CLANG_WARN_OBJC_ROOT_CLASS = YES_ERROR;
				CLANG_WARN_QUOTED_INCLUDE_IN_FRAMEWORK_HEADER = YES;
				CLANG_WARN_RANGE_LOOP_ANALYSIS = YES;
				CLANG_WARN_STRICT_PROTOTYPES = YES;
				CLANG_WARN_SUSPICIOUS_MOVE = YES;
				CLANG_WARN_UNGUARDED_AVAILABILITY = YES_AGGRESSIVE;
				CLANG_WARN_UNREACHABLE_CODE = YES;
				CLANG_WARN__DUPLICATE_METHOD_MATCH = YES;
				COPY_PHASE_STRIP = NO;
				DEBUG_INFORMATION_FORMAT = "dwarf-with-dsym";
				ENABLE_NS_ASSERTIONS = NO;
				ENABLE_STRICT_OBJC_MSGSEND = YES;
				ENABLE_USER_SCRIPT_SANDBOXING = YES;
				GCC_C_LANGUAGE_STANDARD = gnu17;
				GCC_NO_COMMON_BLOCKS = YES;
				GCC_WARN_64_TO_32_BIT_CONVERSION = YES;
				GCC_WARN_ABOUT_RETURN_TYPE = YES_ERROR;
				GCC_WARN_UNDECLARED_SELECTOR = YES;
				GCC_WARN_UNINITIALIZED_AUTOS = YES_AGGRESSIVE;
				GCC_WARN_UNUSED_FUNCTION = YES;
				GCC_WARN_UNUSED_VARIABLE = YES;
				IPHONEOS_DEPLOYMENT_TARGET = 17.5;
				LOCALIZATION_PREFERS_STRING_CATALOGS = YES;
				MTL_ENABLE_DEBUG_INFO = NO;
				MTL_FAST_MATH = YES;
				SDKROOT = iphoneos;
				SWIFT_COMPILATION_MODE = wholemodule;
				VALIDATE_PRODUCT = YES;
			};
			name = Release;
		};
		1A0B15B52CCD775C007F3384 /* Debug */ = {
			isa = XCBuildConfiguration;
			buildSettings = {
				ASSETCATALOG_COMPILER_APPICON_NAME = AppIcon;
				ASSETCATALOG_COMPILER_GLOBAL_ACCENT_COLOR_NAME = AccentColor;
				CODE_SIGN_STYLE = Automatic;
				CURRENT_PROJECT_VERSION = 1;
				DEVELOPMENT_TEAM = 2543KZ63PL;
				GENERATE_INFOPLIST_FILE = YES;
				INFOPLIST_FILE = smsLogin/System/Info.plist;
				INFOPLIST_KEY_UIApplicationSupportsIndirectInputEvents = YES;
				INFOPLIST_KEY_UILaunchStoryboardName = LaunchScreen;
				INFOPLIST_KEY_UIMainStoryboardFile = Main;
				INFOPLIST_KEY_UISupportedInterfaceOrientations_iPad = "UIInterfaceOrientationPortrait UIInterfaceOrientationPortraitUpsideDown UIInterfaceOrientationLandscapeLeft UIInterfaceOrientationLandscapeRight";
				INFOPLIST_KEY_UISupportedInterfaceOrientations_iPhone = "UIInterfaceOrientationPortrait UIInterfaceOrientationLandscapeLeft UIInterfaceOrientationLandscapeRight";
				LD_RUNPATH_SEARCH_PATHS = (
					"$(inherited)",
					"@executable_path/Frameworks",
				);
				MARKETING_VERSION = 1.0;
				PRODUCT_BUNDLE_IDENTIFIER = Yolaren.smsLogin;
				PRODUCT_NAME = "$(TARGET_NAME)";
				SWIFT_EMIT_LOC_STRINGS = YES;
				SWIFT_VERSION = 5.0;
				TARGETED_DEVICE_FAMILY = "1,2";
			};
			name = Debug;
		};
		1A0B15B62CCD775C007F3384 /* Release */ = {
			isa = XCBuildConfiguration;
			buildSettings = {
				ASSETCATALOG_COMPILER_APPICON_NAME = AppIcon;
				ASSETCATALOG_COMPILER_GLOBAL_ACCENT_COLOR_NAME = AccentColor;
				CODE_SIGN_STYLE = Automatic;
				CURRENT_PROJECT_VERSION = 1;
				DEVELOPMENT_TEAM = 2543KZ63PL;
				GENERATE_INFOPLIST_FILE = YES;
				INFOPLIST_FILE = smsLogin/System/Info.plist;
				INFOPLIST_KEY_UIApplicationSupportsIndirectInputEvents = YES;
				INFOPLIST_KEY_UILaunchStoryboardName = LaunchScreen;
				INFOPLIST_KEY_UIMainStoryboardFile = Main;
				INFOPLIST_KEY_UISupportedInterfaceOrientations_iPad = "UIInterfaceOrientationPortrait UIInterfaceOrientationPortraitUpsideDown UIInterfaceOrientationLandscapeLeft UIInterfaceOrientationLandscapeRight";
				INFOPLIST_KEY_UISupportedInterfaceOrientations_iPhone = "UIInterfaceOrientationPortrait UIInterfaceOrientationLandscapeLeft UIInterfaceOrientationLandscapeRight";
				LD_RUNPATH_SEARCH_PATHS = (
					"$(inherited)",
					"@executable_path/Frameworks",
				);
				MARKETING_VERSION = 1.0;
				PRODUCT_BUNDLE_IDENTIFIER = Yolaren.smsLogin;
				PRODUCT_NAME = "$(TARGET_NAME)";
				SWIFT_EMIT_LOC_STRINGS = YES;
				SWIFT_VERSION = 5.0;
				TARGETED_DEVICE_FAMILY = "1,2";
			};
			name = Release;
		};
/* End XCBuildConfiguration section */

/* Begin XCConfigurationList section */
		1A0B159B2CCD775B007F3384 /* Build configuration list for PBXProject "smsLogin" */ = {
			isa = XCConfigurationList;
			buildConfigurations = (
				1A0B15B22CCD775C007F3384 /* Debug */,
				1A0B15B32CCD775C007F3384 /* Release */,
			);
			defaultConfigurationIsVisible = 0;
			defaultConfigurationName = Release;
		};
		1A0B15B42CCD775C007F3384 /* Build configuration list for PBXNativeTarget "smsLogin" */ = {
			isa = XCConfigurationList;
			buildConfigurations = (
				1A0B15B52CCD775C007F3384 /* Debug */,
				1A0B15B62CCD775C007F3384 /* Release */,
			);
			defaultConfigurationIsVisible = 0;
			defaultConfigurationName = Release;
		};
/* End XCConfigurationList section */
	};
	rootObject = 1A0B15982CCD775B007F3384 /* Project object */;
}
